
Microsoft Visual Studio Solution File, Format Version 12.00
# Visual Studio Version 17
VisualStudioVersion = 17.0.31903.59
MinimumVisualStudioVersion = 10.0.40219.1
Project("{2150E333-8FDC-42A3-9474-1A3956D46DE8}") = "Solution Items", "Solution Items", "{348734E0-BDD2-4239-A418-6C78DCAE0B1F}"
	ProjectSection(SolutionItems) = preProject
		Solution Items\Справка.txt = Solution Items\Справка.txt
	EndProjectSection
EndProject
Project("{2150E333-8FDC-42A3-9474-1A3956D46DE8}") = "Examples", "Examples", "{A9BB0993-9919-4B3B-A494-6C99D8B18D30}"
EndProject
Project("{2150E333-8FDC-42A3-9474-1A3956D46DE8}") = "UDP", "UDP", "{7073DDAB-1BFF-4709-8CEC-257BF6B03A6D}"
EndProject
Project("{2150E333-8FDC-42A3-9474-1A3956D46DE8}") = "Console", "Console", "{869B35E2-5283-45A4-9A27-64976189DA68}"
EndProject
Project("{2150E333-8FDC-42A3-9474-1A3956D46DE8}") = "WPF", "WPF", "{089BFAD8-C00F-494F-9EF9-9230AE2AE675}"
EndProject
Project("{FAE04EC0-301F-11D3-BF4B-00C04F79EFBC}") = "Client", "Projects\Examples\UDP\Console\Client\Client.csproj", "{AD6E50F6-3EA5-4133-A50C-8B0974879419}"
EndProject
Project("{FAE04EC0-301F-11D3-BF4B-00C04F79EFBC}") = "Server", "Projects\Examples\UDP\Console\Server\Server.csproj", "{81E2391D-20C6-4B5D-ADE0-60517C1E617B}"
EndProject
Project("{FAE04EC0-301F-11D3-BF4B-00C04F79EFBC}") = "Server", "Projects\Examples\UDP\WPF\Server\Server.csproj", "{43429D4A-F07F-4371-9E85-F10EA4CB554D}"
EndProject
Project("{2150E333-8FDC-42A3-9474-1A3956D46DE8}") = "Transformations", "Transformations", "{3C53C38B-D98A-4C94-8D36-9C6E367DE176}"
EndProject
Project("{FAE04EC0-301F-11D3-BF4B-00C04F79EFBC}") = "FloatToHex", "Projects\Examples\Transformations\FloatToHex\FloatToHex.csproj", "{3299A2E7-167C-4BF2-8274-9FCEAA53D98E}"
EndProject
Project("{FAE04EC0-301F-11D3-BF4B-00C04F79EFBC}") = "UshortToHex", "Projects\Examples\Transformations\UshortToHex\UshortToHex.csproj", "{1B5719D8-5156-4104-BE00-31553B342017}"
EndProject
Project("{FAE04EC0-301F-11D3-BF4B-00C04F79EFBC}") = "Client", "Projects\Examples\UDP\WPF\Client\Client.csproj", "{98F2FC5C-D8E6-48C0-95E2-B10E341DF26E}"
EndProject
Global
	GlobalSection(SolutionConfigurationPlatforms) = preSolution
		Debug|Any CPU = Debug|Any CPU
		Release|Any CPU = Release|Any CPU
	EndGlobalSection
	GlobalSection(ProjectConfigurationPlatforms) = postSolution
		{AD6E50F6-3EA5-4133-A50C-8B0974879419}.Debug|Any CPU.ActiveCfg = Debug|Any CPU
		{AD6E50F6-3EA5-4133-A50C-8B0974879419}.Debug|Any CPU.Build.0 = Debug|Any CPU
		{AD6E50F6-3EA5-4133-A50C-8B0974879419}.Release|Any CPU.ActiveCfg = Release|Any CPU
		{AD6E50F6-3EA5-4133-A50C-8B0974879419}.Release|Any CPU.Build.0 = Release|Any CPU
		{81E2391D-20C6-4B5D-ADE0-60517C1E617B}.Debug|Any CPU.ActiveCfg = Debug|Any CPU
		{81E2391D-20C6-4B5D-ADE0-60517C1E617B}.Debug|Any CPU.Build.0 = Debug|Any CPU
		{81E2391D-20C6-4B5D-ADE0-60517C1E617B}.Release|Any CPU.ActiveCfg = Release|Any CPU
		{81E2391D-20C6-4B5D-ADE0-60517C1E617B}.Release|Any CPU.Build.0 = Release|Any CPU
		{43429D4A-F07F-4371-9E85-F10EA4CB554D}.Debug|Any CPU.ActiveCfg = Debug|Any CPU
		{43429D4A-F07F-4371-9E85-F10EA4CB554D}.Debug|Any CPU.Build.0 = Debug|Any CPU
		{43429D4A-F07F-4371-9E85-F10EA4CB554D}.Release|Any CPU.ActiveCfg = Release|Any CPU
		{43429D4A-F07F-4371-9E85-F10EA4CB554D}.Release|Any CPU.Build.0 = Release|Any CPU
		{3299A2E7-167C-4BF2-8274-9FCEAA53D98E}.Debug|Any CPU.ActiveCfg = Debug|Any CPU
		{3299A2E7-167C-4BF2-8274-9FCEAA53D98E}.Debug|Any CPU.Build.0 = Debug|Any CPU
		{3299A2E7-167C-4BF2-8274-9FCEAA53D98E}.Release|Any CPU.ActiveCfg = Release|Any CPU
		{3299A2E7-167C-4BF2-8274-9FCEAA53D98E}.Release|Any CPU.Build.0 = Release|Any CPU
		{1B5719D8-5156-4104-BE00-31553B342017}.Debug|Any CPU.ActiveCfg = Debug|Any CPU
		{1B5719D8-5156-4104-BE00-31553B342017}.Debug|Any CPU.Build.0 = Debug|Any CPU
		{1B5719D8-5156-4104-BE00-31553B342017}.Release|Any CPU.ActiveCfg = Release|Any CPU
		{1B5719D8-5156-4104-BE00-31553B342017}.Release|Any CPU.Build.0 = Release|Any CPU
		{98F2FC5C-D8E6-48C0-95E2-B10E341DF26E}.Debug|Any CPU.ActiveCfg = Debug|Any CPU
		{98F2FC5C-D8E6-48C0-95E2-B10E341DF26E}.Debug|Any CPU.Build.0 = Debug|Any CPU
		{98F2FC5C-D8E6-48C0-95E2-B10E341DF26E}.Release|Any CPU.ActiveCfg = Release|Any CPU
		{98F2FC5C-D8E6-48C0-95E2-B10E341DF26E}.Release|Any CPU.Build.0 = Release|Any CPU
	EndGlobalSection
	GlobalSection(SolutionProperties) = preSolution
		HideSolutionNode = FALSE
	EndGlobalSection
	GlobalSection(NestedProjects) = preSolution
		{7073DDAB-1BFF-4709-8CEC-257BF6B03A6D} = {A9BB0993-9919-4B3B-A494-6C99D8B18D30}
		{869B35E2-5283-45A4-9A27-64976189DA68} = {7073DDAB-1BFF-4709-8CEC-257BF6B03A6D}
		{089BFAD8-C00F-494F-9EF9-9230AE2AE675} = {7073DDAB-1BFF-4709-8CEC-257BF6B03A6D}
		{AD6E50F6-3EA5-4133-A50C-8B0974879419} = {869B35E2-5283-45A4-9A27-64976189DA68}
		{81E2391D-20C6-4B5D-ADE0-60517C1E617B} = {869B35E2-5283-45A4-9A27-64976189DA68}
		{43429D4A-F07F-4371-9E85-F10EA4CB554D} = {089BFAD8-C00F-494F-9EF9-9230AE2AE675}
		{3C53C38B-D98A-4C94-8D36-9C6E367DE176} = {A9BB0993-9919-4B3B-A494-6C99D8B18D30}
		{3299A2E7-167C-4BF2-8274-9FCEAA53D98E} = {3C53C38B-D98A-4C94-8D36-9C6E367DE176}
		{1B5719D8-5156-4104-BE00-31553B342017} = {3C53C38B-D98A-4C94-8D36-9C6E367DE176}
		{98F2FC5C-D8E6-48C0-95E2-B10E341DF26E} = {089BFAD8-C00F-494F-9EF9-9230AE2AE675}
	EndGlobalSection
	GlobalSection(ExtensibilityGlobals) = postSolution
		SolutionGuid = {5693E5C0-C367-454E-8C29-DA33331F0209}
	EndGlobalSection
EndGlobal
