
Microsoft Visual Studio Solution File, Format Version 12.00
# Visual Studio Version 17
VisualStudioVersion = 17.0.31903.59
MinimumVisualStudioVersion = 10.0.40219.1
Project("{FAE04EC0-301F-11D3-BF4B-00C04F79EFBC}") = "ConsoleApp1", "ConsoleApp1\ConsoleApp1.csproj", "{24EB1899-85DD-47D5-A26A-A5C170A1175E}"
EndProject
Global
	GlobalSection(SolutionConfigurationPlatforms) = preSolution
		Debug|Any CPU = Debug|Any CPU
		Release|Any CPU = Release|Any CPU
	EndGlobalSection
	GlobalSection(ProjectConfigurationPlatforms) = postSolution
		{24EB1899-85DD-47D5-A26A-A5C170A1175E}.Debug|Any CPU.ActiveCfg = Debug|Any CPU
		{24EB1899-85DD-47D5-A26A-A5C170A1175E}.Debug|Any CPU.Build.0 = Debug|Any CPU
		{24EB1899-85DD-47D5-A26A-A5C170A1175E}.Release|Any CPU.ActiveCfg = Release|Any CPU
		{24EB1899-85DD-47D5-A26A-A5C170A1175E}.Release|Any CPU.Build.0 = Release|Any CPU
	EndGlobalSection
	GlobalSection(SolutionProperties) = preSolution
		HideSolutionNode = FALSE
	EndGlobalSection
	GlobalSection(ExtensibilityGlobals) = postSolution
		SolutionGuid = {5693E5C0-C367-454E-8C29-DA33331F0209}
	EndGlobalSection
EndGlobal
